
Microsoft Visual Studio Solution File, Format Version 12.00
# Visual Studio Version 17
VisualStudioVersion = 17.2.32602.215
MinimumVisualStudioVersion = 10.0.40219.1
Project("{FAE04EC0-301F-11D3-BF4B-00C04F79EFBC}") = "Order", "Order\Order.csproj", "{A7C77BB9-D89B-49F7-9274-44E7939787DA}"
EndProject
Global
	GlobalSection(SolutionConfigurationPlatforms) = preSolution
		Debug|Any CPU = Debug|Any CPU
		Release|Any CPU = Release|Any CPU
	EndGlobalSection
	GlobalSection(ProjectConfigurationPlatforms) = postSolution
		{A7C77BB9-D89B-49F7-9274-44E7939787DA}.Debug|Any CPU.ActiveCfg = Debug|Any CPU
		{A7C77BB9-D89B-49F7-9274-44E7939787DA}.Debug|Any CPU.Build.0 = Debug|Any CPU
		{A7C77BB9-D89B-49F7-9274-44E7939787DA}.Release|Any CPU.ActiveCfg = Release|Any CPU
		{A7C77BB9-D89B-49F7-9274-44E7939787DA}.Release|Any CPU.Build.0 = Release|Any CPU
	EndGlobalSection
	GlobalSection(SolutionProperties) = preSolution
		HideSolutionNode = FALSE
	EndGlobalSection
	GlobalSection(ExtensibilityGlobals) = postSolution
		SolutionGuid = {32687403-0EC4-4BE5-90F5-7633B34842A9}
	EndGlobalSection
EndGlobal
